
Microsoft Visual Studio Solution File, Format Version 12.00
# Visual Studio Version 17
VisualStudioVersion = 17.3.32819.101
MinimumVisualStudioVersion = 10.0.40219.1
Project("{FAE04EC0-301F-11D3-BF4B-00C04F79EFBC}") = "Tvuna_Raphael_Sample", "Tvuna_Raphael_Sample.csproj", "{DCFBE40A-6019-4EEF-982C-B53EA16125CA}"
EndProject
Global
	GlobalSection(SolutionConfigurationPlatforms) = preSolution
		Debug|Any CPU = Debug|Any CPU
		Release|Any CPU = Release|Any CPU
	EndGlobalSection
	GlobalSection(ProjectConfigurationPlatforms) = postSolution
		{DCFBE40A-6019-4EEF-982C-B53EA16125CA}.Debug|Any CPU.ActiveCfg = Debug|Any CPU
		{DCFBE40A-6019-4EEF-982C-B53EA16125CA}.Debug|Any CPU.Build.0 = Debug|Any CPU
		{DCFBE40A-6019-4EEF-982C-B53EA16125CA}.Release|Any CPU.ActiveCfg = Release|Any CPU
		{DCFBE40A-6019-4EEF-982C-B53EA16125CA}.Release|Any CPU.Build.0 = Release|Any CPU
	EndGlobalSection
	GlobalSection(SolutionProperties) = preSolution
		HideSolutionNode = FALSE
	EndGlobalSection
	GlobalSection(ExtensibilityGlobals) = postSolution
		SolutionGuid = {F4792657-FEBF-4A16-9047-B3645D9E4053}
	EndGlobalSection
EndGlobal
